{
  "name": "fresh-projects-shared",
  "version": "1.0.0",
  "lockfileVersion": 1,
  "requires": true,
  "dependencies": {
    "@babel/runtime": {
      "version": "7.7.2",
      "resolved": "https://registry.npmjs.org/@babel/runtime/-/runtime-7.7.2.tgz",
      "integrity": "sha512-JONRbXbTXc9WQE2mAZd1p0Z3DZ/6vaQIkgYMSTP3KjRCyd7rCZCcfhCyX+YjwcKxcZ82UrxbRD358bpExNgrjw==",
      "requires": {
        "regenerator-runtime": "^0.13.2"
      }
    },
    "@babel/runtime-corejs3": {
      "version": "7.7.2",
      "resolved": "https://registry.npmjs.org/@babel/runtime-corejs3/-/runtime-corejs3-7.7.2.tgz",
      "integrity": "sha512-odQQZpujq0AHttKrvp4n2KGjK5b5cuq7LeEcsdadwZOemMkmJnlgTXMCf5fIixLLaBxUypwn0krKK51vVMA5cg==",
      "requires": {
        "core-js-pure": "^3.0.0",
        "regenerator-runtime": "^0.13.2"
      }
    },
    "@types/node": {
      "version": "12.12.7",
      "resolved": "https://registry.npmjs.org/@types/node/-/node-12.12.7.tgz",
      "integrity": "sha512-E6Zn0rffhgd130zbCbAr/JdXfXkoOUFAKNs/rF8qnafSJ8KYaA/j3oz7dcwal+lYjLA7xvdd5J4wdYpCTlP8+w==",
      "dev": true
    },
    "@types/parse": {
      "version": "2.2.15",
      "resolved": "https://registry.npmjs.org/@types/parse/-/parse-2.2.15.tgz",
      "integrity": "sha512-jQTcW5fSQkbcnOb9y4Seib6+I5+sG50wXGcEFDDhguxyuxkj3w5emy7/iPgMXBgqe17qIX4kdVar4zcHlhnBmw==",
      "dev": true,
      "requires": {
        "@types/node": "*"
      }
    },
    "async-limiter": {
      "version": "1.0.1",
      "resolved": "https://registry.npmjs.org/async-limiter/-/async-limiter-1.0.1.tgz",
      "integrity": "sha512-csOlWGAcRFJaI6m+F2WKdnMKr4HhdhFVBk0H/QbJFMCr+uO2kwohwXQPxw/9OCxp05r5ghVBFSyioixx3gfkNQ=="
    },
    "core-js-pure": {
      "version": "3.4.1",
      "resolved": "https://registry.npmjs.org/core-js-pure/-/core-js-pure-3.4.1.tgz",
      "integrity": "sha512-q3FgAYoFGS0LaqV4K7oMsJUpGU7Ud3IR6D2qcu7BAvg0OQPuwakrdNlal+0Zsm3bUPBpI5i/r9C6W3uQCcCrSw=="
    },
    "parse": {
      "version": "2.9.1",
      "resolved": "https://registry.npmjs.org/parse/-/parse-2.9.1.tgz",
      "integrity": "sha512-vLuJEtkZQGQZk0sZqETWmEx6IOhQYowyV4+bd0z4Fn3/FalC+RgisGOJIRdlKfjCKcinDBMtEttcMB5pg4v44A==",
      "requires": {
        "@babel/runtime": "7.7.2",
        "@babel/runtime-corejs3": "7.7.2",
        "uuid": "3.3.3",
        "ws": "7.2.0",
        "xmlhttprequest": "1.8.0"
      }
    },
    "regenerator-runtime": {
      "version": "0.13.3",
      "resolved": "https://registry.npmjs.org/regenerator-runtime/-/regenerator-runtime-0.13.3.tgz",
      "integrity": "sha512-naKIZz2GQ8JWh///G7L3X6LaQUAMp2lvb1rvwwsURe/VXwD6VMfr+/1NuNw3ag8v2kY1aQ/go5SNn79O9JU7yw=="
    },
    "typescript": {
      "version": "3.7.2",
      "resolved": "https://registry.npmjs.org/typescript/-/typescript-3.7.2.tgz",
      "integrity": "sha512-ml7V7JfiN2Xwvcer+XAf2csGO1bPBdRbFCkYBczNZggrBZ9c7G3riSUeJmqEU5uOtXNPMhE3n+R4FA/3YOAWOQ==",
      "dev": true
    },
    "uuid": {
      "version": "3.3.3",
      "resolved": "https://registry.npmjs.org/uuid/-/uuid-3.3.3.tgz",
      "integrity": "sha512-pW0No1RGHgzlpHJO1nsVrHKpOEIxkGg1xB+v0ZmdNH5OAeAwzAVrCnI2/6Mtx+Uys6iaylxa+D3g4j63IKKjSQ=="
    },
    "ws": {
      "version": "7.2.0",
      "resolved": "https://registry.npmjs.org/ws/-/ws-7.2.0.tgz",
      "integrity": "sha512-+SqNqFbwTm/0DC18KYzIsMTnEWpLwJsiasW/O17la4iDRRIO9uaHbvKiAS3AHgTiuuWerK/brj4O6MYZkei9xg==",
      "requires": {
        "async-limiter": "^1.0.0"
      }
    },
    "xmlhttprequest": {
      "version": "1.8.0",
      "resolved": "https://registry.npmjs.org/xmlhttprequest/-/xmlhttprequest-1.8.0.tgz",
      "integrity": "sha1-Z/4HXFwk/vOfnWX197f+dRcZaPw="
    }
  }
}
